
Microsoft Visual Studio Solution File, Format Version 12.00
# Visual Studio Version 17
VisualStudioVersion = 17.9.34701.34
MinimumVisualStudioVersion = 10.0.40219.1
Project("{8BC9CEB8-8B4A-11D0-8D11-00A0C91BC942}") = "01", "01\01.vcxproj", "{D1107E49-3EEC-4C89-B257-C7C01DC8EBE6}"
EndProject
Project("{8BC9CEB8-8B4A-11D0-8D11-00A0C91BC942}") = "02", "02\02.vcxproj", "{47B751BC-B163-4DAC-92D8-2490468AFDD2}"
EndProject
Project("{8BC9CEB8-8B4A-11D0-8D11-00A0C91BC942}") = "01-2", "01-2\01-2.vcxproj", "{ABFF8C9F-D482-4237-B3AE-5BDA7DE20C7D}"
EndProject
Project("{8BC9CEB8-8B4A-11D0-8D11-00A0C91BC942}") = "02-2", "02-2\02-2.vcxproj", "{7DF65708-11C1-477A-8974-C4C038844DAA}"
EndProject
Project("{8BC9CEB8-8B4A-11D0-8D11-00A0C91BC942}") = "03", "03\03.vcxproj", "{96D568AD-C48B-40E9-AE51-DC7C75FCDF61}"
EndProject
Project("{8BC9CEB8-8B4A-11D0-8D11-00A0C91BC942}") = "04", "04\04.vcxproj", "{9EAA3332-FB52-45DD-A0AA-B4F877B80DA1}"
EndProject
Project("{8BC9CEB8-8B4A-11D0-8D11-00A0C91BC942}") = "05", "05\05.vcxproj", "{FFBDB7B4-E4FC-41AB-88F4-0578BC84931E}"
EndProject
Project("{8BC9CEB8-8B4A-11D0-8D11-00A0C91BC942}") = "05-2", "05-2\05-2.vcxproj", "{4AFB3638-EA49-4F96-8F1E-B95A6354B048}"
EndProject
Project("{8BC9CEB8-8B4A-11D0-8D11-00A0C91BC942}") = "06", "06\06.vcxproj", "{8712367B-277C-410A-B1DE-E6F34A2F133E}"
EndProject
Project("{8BC9CEB8-8B4A-11D0-8D11-00A0C91BC942}") = "06-2", "06-2\06-2.vcxproj", "{3F0EFEBA-CF49-4D62-B7AC-860CEAECF155}"
EndProject
Project("{8BC9CEB8-8B4A-11D0-8D11-00A0C91BC942}") = "07", "07\07.vcxproj", "{2C97BF9B-05C4-4D05-B1E1-271C208E9118}"
EndProject
Project("{8BC9CEB8-8B4A-11D0-8D11-00A0C91BC942}") = "07-2", "07-2\07-2.vcxproj", "{AC5D8C17-D3EE-413F-B281-06C0E7947D8A}"
EndProject
Project("{8BC9CEB8-8B4A-11D0-8D11-00A0C91BC942}") = "08", "08\08.vcxproj", "{4E37C1DC-F3C1-4452-B748-D2032F6D871D}"
EndProject
Project("{8BC9CEB8-8B4A-11D0-8D11-00A0C91BC942}") = "09", "09\09.vcxproj", "{321C92F4-7DB6-4543-91EF-E33C64A02519}"
EndProject
Project("{8BC9CEB8-8B4A-11D0-8D11-00A0C91BC942}") = "10", "10\10.vcxproj", "{49E39D52-1B3E-435E-91AD-58F36D572ED1}"
EndProject
Project("{8BC9CEB8-8B4A-11D0-8D11-00A0C91BC942}") = "11", "11\11.vcxproj", "{FA38966E-7D45-4AFE-8A6C-4C117803F79A}"
EndProject
Project("{8BC9CEB8-8B4A-11D0-8D11-00A0C91BC942}") = "12", "12\12.vcxproj", "{5A7A000E-3C4D-4966-A24D-9EA0AB3DDDC2}"
EndProject
Global
	GlobalSection(SolutionConfigurationPlatforms) = preSolution
		Debug|x64 = Debug|x64
		Debug|x86 = Debug|x86
		Release|x64 = Release|x64
		Release|x86 = Release|x86
	EndGlobalSection
	GlobalSection(ProjectConfigurationPlatforms) = postSolution
		{D1107E49-3EEC-4C89-B257-C7C01DC8EBE6}.Debug|x64.ActiveCfg = Debug|x64
		{D1107E49-3EEC-4C89-B257-C7C01DC8EBE6}.Debug|x64.Build.0 = Debug|x64
		{D1107E49-3EEC-4C89-B257-C7C01DC8EBE6}.Debug|x86.ActiveCfg = Debug|Win32
		{D1107E49-3EEC-4C89-B257-C7C01DC8EBE6}.Debug|x86.Build.0 = Debug|Win32
		{D1107E49-3EEC-4C89-B257-C7C01DC8EBE6}.Release|x64.ActiveCfg = Release|x64
		{D1107E49-3EEC-4C89-B257-C7C01DC8EBE6}.Release|x64.Build.0 = Release|x64
		{D1107E49-3EEC-4C89-B257-C7C01DC8EBE6}.Release|x86.ActiveCfg = Release|Win32
		{D1107E49-3EEC-4C89-B257-C7C01DC8EBE6}.Release|x86.Build.0 = Release|Win32
		{47B751BC-B163-4DAC-92D8-2490468AFDD2}.Debug|x64.ActiveCfg = Debug|x64
		{47B751BC-B163-4DAC-92D8-2490468AFDD2}.Debug|x64.Build.0 = Debug|x64
		{47B751BC-B163-4DAC-92D8-2490468AFDD2}.Debug|x86.ActiveCfg = Debug|Win32
		{47B751BC-B163-4DAC-92D8-2490468AFDD2}.Debug|x86.Build.0 = Debug|Win32
		{47B751BC-B163-4DAC-92D8-2490468AFDD2}.Release|x64.ActiveCfg = Release|x64
		{47B751BC-B163-4DAC-92D8-2490468AFDD2}.Release|x64.Build.0 = Release|x64
		{47B751BC-B163-4DAC-92D8-2490468AFDD2}.Release|x86.ActiveCfg = Release|Win32
		{47B751BC-B163-4DAC-92D8-2490468AFDD2}.Release|x86.Build.0 = Release|Win32
		{ABFF8C9F-D482-4237-B3AE-5BDA7DE20C7D}.Debug|x64.ActiveCfg = Debug|x64
		{ABFF8C9F-D482-4237-B3AE-5BDA7DE20C7D}.Debug|x64.Build.0 = Debug|x64
		{ABFF8C9F-D482-4237-B3AE-5BDA7DE20C7D}.Debug|x86.ActiveCfg = Debug|Win32
		{ABFF8C9F-D482-4237-B3AE-5BDA7DE20C7D}.Debug|x86.Build.0 = Debug|Win32
		{ABFF8C9F-D482-4237-B3AE-5BDA7DE20C7D}.Release|x64.ActiveCfg = Release|x64
		{ABFF8C9F-D482-4237-B3AE-5BDA7DE20C7D}.Release|x64.Build.0 = Release|x64
		{ABFF8C9F-D482-4237-B3AE-5BDA7DE20C7D}.Release|x86.ActiveCfg = Release|Win32
		{ABFF8C9F-D482-4237-B3AE-5BDA7DE20C7D}.Release|x86.Build.0 = Release|Win32
		{7DF65708-11C1-477A-8974-C4C038844DAA}.Debug|x64.ActiveCfg = Debug|x64
		{7DF65708-11C1-477A-8974-C4C038844DAA}.Debug|x64.Build.0 = Debug|x64
		{7DF65708-11C1-477A-8974-C4C038844DAA}.Debug|x86.ActiveCfg = Debug|Win32
		{7DF65708-11C1-477A-8974-C4C038844DAA}.Debug|x86.Build.0 = Debug|Win32
		{7DF65708-11C1-477A-8974-C4C038844DAA}.Release|x64.ActiveCfg = Release|x64
		{7DF65708-11C1-477A-8974-C4C038844DAA}.Release|x64.Build.0 = Release|x64
		{7DF65708-11C1-477A-8974-C4C038844DAA}.Release|x86.ActiveCfg = Release|Win32
		{7DF65708-11C1-477A-8974-C4C038844DAA}.Release|x86.Build.0 = Release|Win32
		{96D568AD-C48B-40E9-AE51-DC7C75FCDF61}.Debug|x64.ActiveCfg = Debug|x64
		{96D568AD-C48B-40E9-AE51-DC7C75FCDF61}.Debug|x64.Build.0 = Debug|x64
		{96D568AD-C48B-40E9-AE51-DC7C75FCDF61}.Debug|x86.ActiveCfg = Debug|Win32
		{96D568AD-C48B-40E9-AE51-DC7C75FCDF61}.Debug|x86.Build.0 = Debug|Win32
		{96D568AD-C48B-40E9-AE51-DC7C75FCDF61}.Release|x64.ActiveCfg = Release|x64
		{96D568AD-C48B-40E9-AE51-DC7C75FCDF61}.Release|x64.Build.0 = Release|x64
		{96D568AD-C48B-40E9-AE51-DC7C75FCDF61}.Release|x86.ActiveCfg = Release|Win32
		{96D568AD-C48B-40E9-AE51-DC7C75FCDF61}.Release|x86.Build.0 = Release|Win32
		{9EAA3332-FB52-45DD-A0AA-B4F877B80DA1}.Debug|x64.ActiveCfg = Debug|x64
		{9EAA3332-FB52-45DD-A0AA-B4F877B80DA1}.Debug|x64.Build.0 = Debug|x64
		{9EAA3332-FB52-45DD-A0AA-B4F877B80DA1}.Debug|x86.ActiveCfg = Debug|Win32
		{9EAA3332-FB52-45DD-A0AA-B4F877B80DA1}.Debug|x86.Build.0 = Debug|Win32
		{9EAA3332-FB52-45DD-A0AA-B4F877B80DA1}.Release|x64.ActiveCfg = Release|x64
		{9EAA3332-FB52-45DD-A0AA-B4F877B80DA1}.Release|x64.Build.0 = Release|x64
		{9EAA3332-FB52-45DD-A0AA-B4F877B80DA1}.Release|x86.ActiveCfg = Release|Win32
		{9EAA3332-FB52-45DD-A0AA-B4F877B80DA1}.Release|x86.Build.0 = Release|Win32
		{FFBDB7B4-E4FC-41AB-88F4-0578BC84931E}.Debug|x64.ActiveCfg = Debug|x64
		{FFBDB7B4-E4FC-41AB-88F4-0578BC84931E}.Debug|x64.Build.0 = Debug|x64
		{FFBDB7B4-E4FC-41AB-88F4-0578BC84931E}.Debug|x86.ActiveCfg = Debug|Win32
		{FFBDB7B4-E4FC-41AB-88F4-0578BC84931E}.Debug|x86.Build.0 = Debug|Win32
		{FFBDB7B4-E4FC-41AB-88F4-0578BC84931E}.Release|x64.ActiveCfg = Release|x64
		{FFBDB7B4-E4FC-41AB-88F4-0578BC84931E}.Release|x64.Build.0 = Release|x64
		{FFBDB7B4-E4FC-41AB-88F4-0578BC84931E}.Release|x86.ActiveCfg = Release|Win32
		{FFBDB7B4-E4FC-41AB-88F4-0578BC84931E}.Release|x86.Build.0 = Release|Win32
		{4AFB3638-EA49-4F96-8F1E-B95A6354B048}.Debug|x64.ActiveCfg = Debug|x64
		{4AFB3638-EA49-4F96-8F1E-B95A6354B048}.Debug|x64.Build.0 = Debug|x64
		{4AFB3638-EA49-4F96-8F1E-B95A6354B048}.Debug|x86.ActiveCfg = Debug|Win32
		{4AFB3638-EA49-4F96-8F1E-B95A6354B048}.Debug|x86.Build.0 = Debug|Win32
		{4AFB3638-EA49-4F96-8F1E-B95A6354B048}.Release|x64.ActiveCfg = Release|x64
		{4AFB3638-EA49-4F96-8F1E-B95A6354B048}.Release|x64.Build.0 = Release|x64
		{4AFB3638-EA49-4F96-8F1E-B95A6354B048}.Release|x86.ActiveCfg = Release|Win32
		{4AFB3638-EA49-4F96-8F1E-B95A6354B048}.Release|x86.Build.0 = Release|Win32
		{8712367B-277C-410A-B1DE-E6F34A2F133E}.Debug|x64.ActiveCfg = Debug|x64
		{8712367B-277C-410A-B1DE-E6F34A2F133E}.Debug|x64.Build.0 = Debug|x64
		{8712367B-277C-410A-B1DE-E6F34A2F133E}.Debug|x86.ActiveCfg = Debug|Win32
		{8712367B-277C-410A-B1DE-E6F34A2F133E}.Debug|x86.Build.0 = Debug|Win32
		{8712367B-277C-410A-B1DE-E6F34A2F133E}.Release|x64.ActiveCfg = Release|x64
		{8712367B-277C-410A-B1DE-E6F34A2F133E}.Release|x64.Build.0 = Release|x64
		{8712367B-277C-410A-B1DE-E6F34A2F133E}.Release|x86.ActiveCfg = Release|Win32
		{8712367B-277C-410A-B1DE-E6F34A2F133E}.Release|x86.Build.0 = Release|Win32
		{3F0EFEBA-CF49-4D62-B7AC-860CEAECF155}.Debug|x64.ActiveCfg = Debug|x64
		{3F0EFEBA-CF49-4D62-B7AC-860CEAECF155}.Debug|x64.Build.0 = Debug|x64
		{3F0EFEBA-CF49-4D62-B7AC-860CEAECF155}.Debug|x86.ActiveCfg = Debug|Win32
		{3F0EFEBA-CF49-4D62-B7AC-860CEAECF155}.Debug|x86.Build.0 = Debug|Win32
		{3F0EFEBA-CF49-4D62-B7AC-860CEAECF155}.Release|x64.ActiveCfg = Release|x64
		{3F0EFEBA-CF49-4D62-B7AC-860CEAECF155}.Release|x64.Build.0 = Release|x64
		{3F0EFEBA-CF49-4D62-B7AC-860CEAECF155}.Release|x86.ActiveCfg = Release|Win32
		{3F0EFEBA-CF49-4D62-B7AC-860CEAECF155}.Release|x86.Build.0 = Release|Win32
		{2C97BF9B-05C4-4D05-B1E1-271C208E9118}.Debug|x64.ActiveCfg = Debug|x64
		{2C97BF9B-05C4-4D05-B1E1-271C208E9118}.Debug|x64.Build.0 = Debug|x64
		{2C97BF9B-05C4-4D05-B1E1-271C208E9118}.Debug|x86.ActiveCfg = Debug|Win32
		{2C97BF9B-05C4-4D05-B1E1-271C208E9118}.Debug|x86.Build.0 = Debug|Win32
		{2C97BF9B-05C4-4D05-B1E1-271C208E9118}.Release|x64.ActiveCfg = Release|x64
		{2C97BF9B-05C4-4D05-B1E1-271C208E9118}.Release|x64.Build.0 = Release|x64
		{2C97BF9B-05C4-4D05-B1E1-271C208E9118}.Release|x86.ActiveCfg = Release|Win32
		{2C97BF9B-05C4-4D05-B1E1-271C208E9118}.Release|x86.Build.0 = Release|Win32
		{AC5D8C17-D3EE-413F-B281-06C0E7947D8A}.Debug|x64.ActiveCfg = Debug|x64
		{AC5D8C17-D3EE-413F-B281-06C0E7947D8A}.Debug|x64.Build.0 = Debug|x64
		{AC5D8C17-D3EE-413F-B281-06C0E7947D8A}.Debug|x86.ActiveCfg = Debug|Win32
		{AC5D8C17-D3EE-413F-B281-06C0E7947D8A}.Debug|x86.Build.0 = Debug|Win32
		{AC5D8C17-D3EE-413F-B281-06C0E7947D8A}.Release|x64.ActiveCfg = Release|x64
		{AC5D8C17-D3EE-413F-B281-06C0E7947D8A}.Release|x64.Build.0 = Release|x64
		{AC5D8C17-D3EE-413F-B281-06C0E7947D8A}.Release|x86.ActiveCfg = Release|Win32
		{AC5D8C17-D3EE-413F-B281-06C0E7947D8A}.Release|x86.Build.0 = Release|Win32
		{4E37C1DC-F3C1-4452-B748-D2032F6D871D}.Debug|x64.ActiveCfg = Debug|x64
		{4E37C1DC-F3C1-4452-B748-D2032F6D871D}.Debug|x64.Build.0 = Debug|x64
		{4E37C1DC-F3C1-4452-B748-D2032F6D871D}.Debug|x86.ActiveCfg = Debug|Win32
		{4E37C1DC-F3C1-4452-B748-D2032F6D871D}.Debug|x86.Build.0 = Debug|Win32
		{4E37C1DC-F3C1-4452-B748-D2032F6D871D}.Release|x64.ActiveCfg = Release|x64
		{4E37C1DC-F3C1-4452-B748-D2032F6D871D}.Release|x64.Build.0 = Release|x64
		{4E37C1DC-F3C1-4452-B748-D2032F6D871D}.Release|x86.ActiveCfg = Release|Win32
		{4E37C1DC-F3C1-4452-B748-D2032F6D871D}.Release|x86.Build.0 = Release|Win32
		{321C92F4-7DB6-4543-91EF-E33C64A02519}.Debug|x64.ActiveCfg = Debug|x64
		{321C92F4-7DB6-4543-91EF-E33C64A02519}.Debug|x64.Build.0 = Debug|x64
		{321C92F4-7DB6-4543-91EF-E33C64A02519}.Debug|x86.ActiveCfg = Debug|Win32
		{321C92F4-7DB6-4543-91EF-E33C64A02519}.Debug|x86.Build.0 = Debug|Win32
		{321C92F4-7DB6-4543-91EF-E33C64A02519}.Release|x64.ActiveCfg = Release|x64
		{321C92F4-7DB6-4543-91EF-E33C64A02519}.Release|x64.Build.0 = Release|x64
		{321C92F4-7DB6-4543-91EF-E33C64A02519}.Release|x86.ActiveCfg = Release|Win32
		{321C92F4-7DB6-4543-91EF-E33C64A02519}.Release|x86.Build.0 = Release|Win32
		{49E39D52-1B3E-435E-91AD-58F36D572ED1}.Debug|x64.ActiveCfg = Debug|x64
		{49E39D52-1B3E-435E-91AD-58F36D572ED1}.Debug|x64.Build.0 = Debug|x64
		{49E39D52-1B3E-435E-91AD-58F36D572ED1}.Debug|x86.ActiveCfg = Debug|Win32
		{49E39D52-1B3E-435E-91AD-58F36D572ED1}.Debug|x86.Build.0 = Debug|Win32
		{49E39D52-1B3E-435E-91AD-58F36D572ED1}.Release|x64.ActiveCfg = Release|x64
		{49E39D52-1B3E-435E-91AD-58F36D572ED1}.Release|x64.Build.0 = Release|x64
		{49E39D52-1B3E-435E-91AD-58F36D572ED1}.Release|x86.ActiveCfg = Release|Win32
		{49E39D52-1B3E-435E-91AD-58F36D572ED1}.Release|x86.Build.0 = Release|Win32
		{FA38966E-7D45-4AFE-8A6C-4C117803F79A}.Debug|x64.ActiveCfg = Debug|x64
		{FA38966E-7D45-4AFE-8A6C-4C117803F79A}.Debug|x64.Build.0 = Debug|x64
		{FA38966E-7D45-4AFE-8A6C-4C117803F79A}.Debug|x86.ActiveCfg = Debug|Win32
		{FA38966E-7D45-4AFE-8A6C-4C117803F79A}.Debug|x86.Build.0 = Debug|Win32
		{FA38966E-7D45-4AFE-8A6C-4C117803F79A}.Release|x64.ActiveCfg = Release|x64
		{FA38966E-7D45-4AFE-8A6C-4C117803F79A}.Release|x64.Build.0 = Release|x64
		{FA38966E-7D45-4AFE-8A6C-4C117803F79A}.Release|x86.ActiveCfg = Release|Win32
		{FA38966E-7D45-4AFE-8A6C-4C117803F79A}.Release|x86.Build.0 = Release|Win32
		{5A7A000E-3C4D-4966-A24D-9EA0AB3DDDC2}.Debug|x64.ActiveCfg = Debug|x64
		{5A7A000E-3C4D-4966-A24D-9EA0AB3DDDC2}.Debug|x64.Build.0 = Debug|x64
		{5A7A000E-3C4D-4966-A24D-9EA0AB3DDDC2}.Debug|x86.ActiveCfg = Debug|Win32
		{5A7A000E-3C4D-4966-A24D-9EA0AB3DDDC2}.Debug|x86.Build.0 = Debug|Win32
		{5A7A000E-3C4D-4966-A24D-9EA0AB3DDDC2}.Release|x64.ActiveCfg = Release|x64
		{5A7A000E-3C4D-4966-A24D-9EA0AB3DDDC2}.Release|x64.Build.0 = Release|x64
		{5A7A000E-3C4D-4966-A24D-9EA0AB3DDDC2}.Release|x86.ActiveCfg = Release|Win32
		{5A7A000E-3C4D-4966-A24D-9EA0AB3DDDC2}.Release|x86.Build.0 = Release|Win32
	EndGlobalSection
	GlobalSection(SolutionProperties) = preSolution
		HideSolutionNode = FALSE
	EndGlobalSection
	GlobalSection(ExtensibilityGlobals) = postSolution
		SolutionGuid = {336C8FD1-7011-4DC5-A2ED-B7BB2A818BD7}
	EndGlobalSection
EndGlobal
