
Microsoft Visual Studio Solution File, Format Version 12.00
# Visual Studio Version 17
VisualStudioVersion = 17.9.34701.34
MinimumVisualStudioVersion = 10.0.40219.1
Project("{8BC9CEB8-8B4A-11D0-8D11-00A0C91BC942}") = "8-1", "8-1\8-1.vcxproj", "{69968B3E-5D26-4C55-A95F-1FE24E5C3A04}"
EndProject
Project("{8BC9CEB8-8B4A-11D0-8D11-00A0C91BC942}") = "8-2", "8-2\8-2.vcxproj", "{B5C36DAA-9056-4CAC-BD78-1A878AAAB1D3}"
EndProject
Project("{8BC9CEB8-8B4A-11D0-8D11-00A0C91BC942}") = "8-3", "8-3\8-3.vcxproj", "{F8FD7B1E-4A18-4E85-B7C7-EDEC82CEBB1E}"
EndProject
Project("{8BC9CEB8-8B4A-11D0-8D11-00A0C91BC942}") = "8-4", "8-4\8-4.vcxproj", "{08D35DB1-F825-4EA4-BB76-8F255173ECDB}"
EndProject
Project("{8BC9CEB8-8B4A-11D0-8D11-00A0C91BC942}") = "8-5", "8-5\8-5.vcxproj", "{A8EBD991-945D-467B-AD40-81F1AB5D3946}"
EndProject
Project("{8BC9CEB8-8B4A-11D0-8D11-00A0C91BC942}") = "8-6", "8-6\8-6.vcxproj", "{3E4E99E5-7A65-4E80-815B-D59E98CE2182}"
EndProject
Project("{8BC9CEB8-8B4A-11D0-8D11-00A0C91BC942}") = "8-7", "8-7\8-7.vcxproj", "{83361BED-9409-4064-822F-F54CEC18881E}"
EndProject
Project("{8BC9CEB8-8B4A-11D0-8D11-00A0C91BC942}") = "8-8", "8-8\8-8.vcxproj", "{E0B2EFF9-568B-46C2-9747-53AAC0A72C09}"
EndProject
Project("{8BC9CEB8-8B4A-11D0-8D11-00A0C91BC942}") = "8-9", "8-9\8-9.vcxproj", "{7CD69A98-F8DD-4752-8E06-E99456625EEA}"
EndProject
Global
	GlobalSection(SolutionConfigurationPlatforms) = preSolution
		Debug|x64 = Debug|x64
		Debug|x86 = Debug|x86
		Release|x64 = Release|x64
		Release|x86 = Release|x86
	EndGlobalSection
	GlobalSection(ProjectConfigurationPlatforms) = postSolution
		{69968B3E-5D26-4C55-A95F-1FE24E5C3A04}.Debug|x64.ActiveCfg = Debug|x64
		{69968B3E-5D26-4C55-A95F-1FE24E5C3A04}.Debug|x64.Build.0 = Debug|x64
		{69968B3E-5D26-4C55-A95F-1FE24E5C3A04}.Debug|x86.ActiveCfg = Debug|Win32
		{69968B3E-5D26-4C55-A95F-1FE24E5C3A04}.Debug|x86.Build.0 = Debug|Win32
		{69968B3E-5D26-4C55-A95F-1FE24E5C3A04}.Release|x64.ActiveCfg = Release|x64
		{69968B3E-5D26-4C55-A95F-1FE24E5C3A04}.Release|x64.Build.0 = Release|x64
		{69968B3E-5D26-4C55-A95F-1FE24E5C3A04}.Release|x86.ActiveCfg = Release|Win32
		{69968B3E-5D26-4C55-A95F-1FE24E5C3A04}.Release|x86.Build.0 = Release|Win32
		{B5C36DAA-9056-4CAC-BD78-1A878AAAB1D3}.Debug|x64.ActiveCfg = Debug|x64
		{B5C36DAA-9056-4CAC-BD78-1A878AAAB1D3}.Debug|x64.Build.0 = Debug|x64
		{B5C36DAA-9056-4CAC-BD78-1A878AAAB1D3}.Debug|x86.ActiveCfg = Debug|Win32
		{B5C36DAA-9056-4CAC-BD78-1A878AAAB1D3}.Debug|x86.Build.0 = Debug|Win32
		{B5C36DAA-9056-4CAC-BD78-1A878AAAB1D3}.Release|x64.ActiveCfg = Release|x64
		{B5C36DAA-9056-4CAC-BD78-1A878AAAB1D3}.Release|x64.Build.0 = Release|x64
		{B5C36DAA-9056-4CAC-BD78-1A878AAAB1D3}.Release|x86.ActiveCfg = Release|Win32
		{B5C36DAA-9056-4CAC-BD78-1A878AAAB1D3}.Release|x86.Build.0 = Release|Win32
		{F8FD7B1E-4A18-4E85-B7C7-EDEC82CEBB1E}.Debug|x64.ActiveCfg = Debug|x64
		{F8FD7B1E-4A18-4E85-B7C7-EDEC82CEBB1E}.Debug|x64.Build.0 = Debug|x64
		{F8FD7B1E-4A18-4E85-B7C7-EDEC82CEBB1E}.Debug|x86.ActiveCfg = Debug|Win32
		{F8FD7B1E-4A18-4E85-B7C7-EDEC82CEBB1E}.Debug|x86.Build.0 = Debug|Win32
		{F8FD7B1E-4A18-4E85-B7C7-EDEC82CEBB1E}.Release|x64.ActiveCfg = Release|x64
		{F8FD7B1E-4A18-4E85-B7C7-EDEC82CEBB1E}.Release|x64.Build.0 = Release|x64
		{F8FD7B1E-4A18-4E85-B7C7-EDEC82CEBB1E}.Release|x86.ActiveCfg = Release|Win32
		{F8FD7B1E-4A18-4E85-B7C7-EDEC82CEBB1E}.Release|x86.Build.0 = Release|Win32
		{08D35DB1-F825-4EA4-BB76-8F255173ECDB}.Debug|x64.ActiveCfg = Debug|x64
		{08D35DB1-F825-4EA4-BB76-8F255173ECDB}.Debug|x64.Build.0 = Debug|x64
		{08D35DB1-F825-4EA4-BB76-8F255173ECDB}.Debug|x86.ActiveCfg = Debug|Win32
		{08D35DB1-F825-4EA4-BB76-8F255173ECDB}.Debug|x86.Build.0 = Debug|Win32
		{08D35DB1-F825-4EA4-BB76-8F255173ECDB}.Release|x64.ActiveCfg = Release|x64
		{08D35DB1-F825-4EA4-BB76-8F255173ECDB}.Release|x64.Build.0 = Release|x64
		{08D35DB1-F825-4EA4-BB76-8F255173ECDB}.Release|x86.ActiveCfg = Release|Win32
		{08D35DB1-F825-4EA4-BB76-8F255173ECDB}.Release|x86.Build.0 = Release|Win32
		{A8EBD991-945D-467B-AD40-81F1AB5D3946}.Debug|x64.ActiveCfg = Debug|x64
		{A8EBD991-945D-467B-AD40-81F1AB5D3946}.Debug|x64.Build.0 = Debug|x64
		{A8EBD991-945D-467B-AD40-81F1AB5D3946}.Debug|x86.ActiveCfg = Debug|Win32
		{A8EBD991-945D-467B-AD40-81F1AB5D3946}.Debug|x86.Build.0 = Debug|Win32
		{A8EBD991-945D-467B-AD40-81F1AB5D3946}.Release|x64.ActiveCfg = Release|x64
		{A8EBD991-945D-467B-AD40-81F1AB5D3946}.Release|x64.Build.0 = Release|x64
		{A8EBD991-945D-467B-AD40-81F1AB5D3946}.Release|x86.ActiveCfg = Release|Win32
		{A8EBD991-945D-467B-AD40-81F1AB5D3946}.Release|x86.Build.0 = Release|Win32
		{3E4E99E5-7A65-4E80-815B-D59E98CE2182}.Debug|x64.ActiveCfg = Debug|x64
		{3E4E99E5-7A65-4E80-815B-D59E98CE2182}.Debug|x64.Build.0 = Debug|x64
		{3E4E99E5-7A65-4E80-815B-D59E98CE2182}.Debug|x86.ActiveCfg = Debug|Win32
		{3E4E99E5-7A65-4E80-815B-D59E98CE2182}.Debug|x86.Build.0 = Debug|Win32
		{3E4E99E5-7A65-4E80-815B-D59E98CE2182}.Release|x64.ActiveCfg = Release|x64
		{3E4E99E5-7A65-4E80-815B-D59E98CE2182}.Release|x64.Build.0 = Release|x64
		{3E4E99E5-7A65-4E80-815B-D59E98CE2182}.Release|x86.ActiveCfg = Release|Win32
		{3E4E99E5-7A65-4E80-815B-D59E98CE2182}.Release|x86.Build.0 = Release|Win32
		{83361BED-9409-4064-822F-F54CEC18881E}.Debug|x64.ActiveCfg = Debug|x64
		{83361BED-9409-4064-822F-F54CEC18881E}.Debug|x64.Build.0 = Debug|x64
		{83361BED-9409-4064-822F-F54CEC18881E}.Debug|x86.ActiveCfg = Debug|Win32
		{83361BED-9409-4064-822F-F54CEC18881E}.Debug|x86.Build.0 = Debug|Win32
		{83361BED-9409-4064-822F-F54CEC18881E}.Release|x64.ActiveCfg = Release|x64
		{83361BED-9409-4064-822F-F54CEC18881E}.Release|x64.Build.0 = Release|x64
		{83361BED-9409-4064-822F-F54CEC18881E}.Release|x86.ActiveCfg = Release|Win32
		{83361BED-9409-4064-822F-F54CEC18881E}.Release|x86.Build.0 = Release|Win32
		{E0B2EFF9-568B-46C2-9747-53AAC0A72C09}.Debug|x64.ActiveCfg = Debug|x64
		{E0B2EFF9-568B-46C2-9747-53AAC0A72C09}.Debug|x64.Build.0 = Debug|x64
		{E0B2EFF9-568B-46C2-9747-53AAC0A72C09}.Debug|x86.ActiveCfg = Debug|Win32
		{E0B2EFF9-568B-46C2-9747-53AAC0A72C09}.Debug|x86.Build.0 = Debug|Win32
		{E0B2EFF9-568B-46C2-9747-53AAC0A72C09}.Release|x64.ActiveCfg = Release|x64
		{E0B2EFF9-568B-46C2-9747-53AAC0A72C09}.Release|x64.Build.0 = Release|x64
		{E0B2EFF9-568B-46C2-9747-53AAC0A72C09}.Release|x86.ActiveCfg = Release|Win32
		{E0B2EFF9-568B-46C2-9747-53AAC0A72C09}.Release|x86.Build.0 = Release|Win32
		{7CD69A98-F8DD-4752-8E06-E99456625EEA}.Debug|x64.ActiveCfg = Debug|x64
		{7CD69A98-F8DD-4752-8E06-E99456625EEA}.Debug|x64.Build.0 = Debug|x64
		{7CD69A98-F8DD-4752-8E06-E99456625EEA}.Debug|x86.ActiveCfg = Debug|Win32
		{7CD69A98-F8DD-4752-8E06-E99456625EEA}.Debug|x86.Build.0 = Debug|Win32
		{7CD69A98-F8DD-4752-8E06-E99456625EEA}.Release|x64.ActiveCfg = Release|x64
		{7CD69A98-F8DD-4752-8E06-E99456625EEA}.Release|x64.Build.0 = Release|x64
		{7CD69A98-F8DD-4752-8E06-E99456625EEA}.Release|x86.ActiveCfg = Release|Win32
		{7CD69A98-F8DD-4752-8E06-E99456625EEA}.Release|x86.Build.0 = Release|Win32
	EndGlobalSection
	GlobalSection(SolutionProperties) = preSolution
		HideSolutionNode = FALSE
	EndGlobalSection
	GlobalSection(ExtensibilityGlobals) = postSolution
		SolutionGuid = {6A374B89-2E8F-4880-BD8D-BBA4CF2B74C1}
	EndGlobalSection
EndGlobal
